
Microsoft Visual Studio Solution File, Format Version 12.00
# Visual Studio Version 16
VisualStudioVersion = 16.0.31129.286
MinimumVisualStudioVersion = 10.0.40219.1
Project("{FAE04EC0-301F-11D3-BF4B-00C04F79EFBC}") = "2129_S21Assign_JohnLopez", "2129_S21Assign_JohnLopez.csproj", "{0D138C05-69DD-49C8-8249-D8783AF323D9}"
EndProject
Global
	GlobalSection(SolutionConfigurationPlatforms) = preSolution
		Debug|Any CPU = Debug|Any CPU
		Release|Any CPU = Release|Any CPU
	EndGlobalSection
	GlobalSection(ProjectConfigurationPlatforms) = postSolution
		{0D138C05-69DD-49C8-8249-D8783AF323D9}.Debug|Any CPU.ActiveCfg = Debug|Any CPU
		{0D138C05-69DD-49C8-8249-D8783AF323D9}.Debug|Any CPU.Build.0 = Debug|Any CPU
		{0D138C05-69DD-49C8-8249-D8783AF323D9}.Release|Any CPU.ActiveCfg = Release|Any CPU
		{0D138C05-69DD-49C8-8249-D8783AF323D9}.Release|Any CPU.Build.0 = Release|Any CPU
	EndGlobalSection
	GlobalSection(SolutionProperties) = preSolution
		HideSolutionNode = FALSE
	EndGlobalSection
	GlobalSection(ExtensibilityGlobals) = postSolution
		SolutionGuid = {2287681B-FACE-42C6-89A1-B06E0FF26495}
	EndGlobalSection
EndGlobal
